
Microsoft Visual Studio Solution File, Format Version 12.00
# Visual Studio Version 17
VisualStudioVersion = 17.8.34330.188
MinimumVisualStudioVersion = 10.0.40219.1
Project("{2150E333-8FDC-42A3-9474-1A3956D46DE8}") = "Core", "Core", "{956F7CCA-AD6C-4CCB-B6A6-6739C0A77B15}"
EndProject
Project("{2150E333-8FDC-42A3-9474-1A3956D46DE8}") = "Microservices", "Microservices", "{CBE92ED4-9149-4A18-9C3D-A6EA1506825D}"
EndProject
Project("{2150E333-8FDC-42A3-9474-1A3956D46DE8}") = "Runtime", "Runtime", "{1F328393-DEE4-4A0E-A361-66EDDCA04F66}"
EndProject
Project("{2150E333-8FDC-42A3-9474-1A3956D46DE8}") = "Gateway", "Gateway", "{71639A29-8EF1-4BD9-8FEC-A15FA102ACED}"
EndProject
Project("{2150E333-8FDC-42A3-9474-1A3956D46DE8}") = "AbsaBank", "AbsaBank", "{C9E927C5-8199-4DB7-81FE-3FB80E532907}"
EndProject
Project("{2150E333-8FDC-42A3-9474-1A3956D46DE8}") = "FamilyBank", "FamilyBank", "{582CB76B-24B0-4CF8-877D-718B1AD64E5A}"
EndProject
Project("{2150E333-8FDC-42A3-9474-1A3956D46DE8}") = "Mpesa", "Mpesa", "{03053096-AAA3-4F69-9661-E70F87DFDFFE}"
EndProject
Project("{2150E333-8FDC-42A3-9474-1A3956D46DE8}") = "CRB", "CRB", "{D10318A4-202D-4043-B54C-4C738A9C34B7}"
EndProject
Project("{2150E333-8FDC-42A3-9474-1A3956D46DE8}") = "Alerts", "Alerts", "{BE6B384A-654B-43C7-83BD-FBB4AFD9216C}"
EndProject
Project("{2150E333-8FDC-42A3-9474-1A3956D46DE8}") = "Helb", "Helb", "{364C49B3-B11E-4226-B376-1E78033B734A}"
EndProject
Project("{2150E333-8FDC-42A3-9474-1A3956D46DE8}") = "Tests", "Tests", "{326A4692-0899-4167-A6DA-37E6173260CE}"
EndProject
Project("{9A19103F-16F7-4668-BE54-9A1E7A4F7556}") = "AbsaBank.Microservice.Domain", "AbsaBank.Microservice.Domain\AbsaBank.Microservice.Domain.csproj", "{06F8FB68-0CAC-4F26-9C1D-EF6D326DEFE0}"
EndProject
Project("{9A19103F-16F7-4668-BE54-9A1E7A4F7556}") = "AbsaBank.Microservice.Application", "AbsaBank.Microservice.Application\AbsaBank.Microservice.Application.csproj", "{BB6ACCCA-ED3D-4ACE-8907-116A064732D9}"
EndProject
Project("{9A19103F-16F7-4668-BE54-9A1E7A4F7556}") = "AbsaBank.Microservice.Infrastructure", "AbsaBank.Microservice.Infrastructure\AbsaBank.Microservice.Infrastructure.csproj", "{A3CD6E11-B9A7-4AB4-BD50-F8A2C67CE675}"
EndProject
Project("{9A19103F-16F7-4668-BE54-9A1E7A4F7556}") = "AbsaBank.Microservice.API", "AbsaBank.Microservice.API\AbsaBank.Microservice.API.csproj", "{465A16C6-BA37-4956-851D-BDFFDC197122}"
EndProject
Project("{FAE04EC0-301F-11D3-BF4B-00C04F79EFBC}") = "Alerts.Microservice.API", "Alerts.Microservice.API\Alerts.Microservice.API.csproj", "{C11198F0-F2E7-4045-90B5-AF468A25FF37}"
EndProject
Project("{FAE04EC0-301F-11D3-BF4B-00C04F79EFBC}") = "Alerts.Microservice.Domain", "Alerts.Microservice.Domain\Alerts.Microservice.Domain.csproj", "{E92AE7B5-7159-4C25-A532-4D8EEEE434CF}"
EndProject
Project("{FAE04EC0-301F-11D3-BF4B-00C04F79EFBC}") = "Alerts.Microservice.Application", "Alerts.Microservice.Application\Alerts.Microservice.Application.csproj", "{D8DB5101-4909-437B-8CAE-DF745A5DD214}"
EndProject
Project("{FAE04EC0-301F-11D3-BF4B-00C04F79EFBC}") = "Alerts.Microservice.Infrastructure", "Alerts.Microservice.Infrastructure\Alerts.Microservice.Infrastructure.csproj", "{708E1EA1-548A-4DB9-B065-52A2B3B57A49}"
EndProject
Global
	GlobalSection(SolutionConfigurationPlatforms) = preSolution
		Debug|Any CPU = Debug|Any CPU
		Release|Any CPU = Release|Any CPU
	EndGlobalSection
	GlobalSection(ProjectConfigurationPlatforms) = postSolution
		{06F8FB68-0CAC-4F26-9C1D-EF6D326DEFE0}.Debug|Any CPU.ActiveCfg = Debug|Any CPU
		{06F8FB68-0CAC-4F26-9C1D-EF6D326DEFE0}.Debug|Any CPU.Build.0 = Debug|Any CPU
		{06F8FB68-0CAC-4F26-9C1D-EF6D326DEFE0}.Release|Any CPU.ActiveCfg = Release|Any CPU
		{06F8FB68-0CAC-4F26-9C1D-EF6D326DEFE0}.Release|Any CPU.Build.0 = Release|Any CPU
		{BB6ACCCA-ED3D-4ACE-8907-116A064732D9}.Debug|Any CPU.ActiveCfg = Debug|Any CPU
		{BB6ACCCA-ED3D-4ACE-8907-116A064732D9}.Debug|Any CPU.Build.0 = Debug|Any CPU
		{BB6ACCCA-ED3D-4ACE-8907-116A064732D9}.Release|Any CPU.ActiveCfg = Release|Any CPU
		{BB6ACCCA-ED3D-4ACE-8907-116A064732D9}.Release|Any CPU.Build.0 = Release|Any CPU
		{A3CD6E11-B9A7-4AB4-BD50-F8A2C67CE675}.Debug|Any CPU.ActiveCfg = Debug|Any CPU
		{A3CD6E11-B9A7-4AB4-BD50-F8A2C67CE675}.Debug|Any CPU.Build.0 = Debug|Any CPU
		{A3CD6E11-B9A7-4AB4-BD50-F8A2C67CE675}.Release|Any CPU.ActiveCfg = Release|Any CPU
		{A3CD6E11-B9A7-4AB4-BD50-F8A2C67CE675}.Release|Any CPU.Build.0 = Release|Any CPU
		{465A16C6-BA37-4956-851D-BDFFDC197122}.Debug|Any CPU.ActiveCfg = Debug|Any CPU
		{465A16C6-BA37-4956-851D-BDFFDC197122}.Debug|Any CPU.Build.0 = Debug|Any CPU
		{465A16C6-BA37-4956-851D-BDFFDC197122}.Release|Any CPU.ActiveCfg = Release|Any CPU
		{465A16C6-BA37-4956-851D-BDFFDC197122}.Release|Any CPU.Build.0 = Release|Any CPU
		{C11198F0-F2E7-4045-90B5-AF468A25FF37}.Debug|Any CPU.ActiveCfg = Debug|Any CPU
		{C11198F0-F2E7-4045-90B5-AF468A25FF37}.Debug|Any CPU.Build.0 = Debug|Any CPU
		{C11198F0-F2E7-4045-90B5-AF468A25FF37}.Release|Any CPU.ActiveCfg = Release|Any CPU
		{C11198F0-F2E7-4045-90B5-AF468A25FF37}.Release|Any CPU.Build.0 = Release|Any CPU
		{E92AE7B5-7159-4C25-A532-4D8EEEE434CF}.Debug|Any CPU.ActiveCfg = Debug|Any CPU
		{E92AE7B5-7159-4C25-A532-4D8EEEE434CF}.Debug|Any CPU.Build.0 = Debug|Any CPU
		{E92AE7B5-7159-4C25-A532-4D8EEEE434CF}.Release|Any CPU.ActiveCfg = Release|Any CPU
		{E92AE7B5-7159-4C25-A532-4D8EEEE434CF}.Release|Any CPU.Build.0 = Release|Any CPU
		{D8DB5101-4909-437B-8CAE-DF745A5DD214}.Debug|Any CPU.ActiveCfg = Debug|Any CPU
		{D8DB5101-4909-437B-8CAE-DF745A5DD214}.Debug|Any CPU.Build.0 = Debug|Any CPU
		{D8DB5101-4909-437B-8CAE-DF745A5DD214}.Release|Any CPU.ActiveCfg = Release|Any CPU
		{D8DB5101-4909-437B-8CAE-DF745A5DD214}.Release|Any CPU.Build.0 = Release|Any CPU
		{708E1EA1-548A-4DB9-B065-52A2B3B57A49}.Debug|Any CPU.ActiveCfg = Debug|Any CPU
		{708E1EA1-548A-4DB9-B065-52A2B3B57A49}.Debug|Any CPU.Build.0 = Debug|Any CPU
		{708E1EA1-548A-4DB9-B065-52A2B3B57A49}.Release|Any CPU.ActiveCfg = Release|Any CPU
		{708E1EA1-548A-4DB9-B065-52A2B3B57A49}.Release|Any CPU.Build.0 = Release|Any CPU
	EndGlobalSection
	GlobalSection(SolutionProperties) = preSolution
		HideSolutionNode = FALSE
	EndGlobalSection
	GlobalSection(NestedProjects) = preSolution
		{C9E927C5-8199-4DB7-81FE-3FB80E532907} = {CBE92ED4-9149-4A18-9C3D-A6EA1506825D}
		{582CB76B-24B0-4CF8-877D-718B1AD64E5A} = {CBE92ED4-9149-4A18-9C3D-A6EA1506825D}
		{03053096-AAA3-4F69-9661-E70F87DFDFFE} = {CBE92ED4-9149-4A18-9C3D-A6EA1506825D}
		{D10318A4-202D-4043-B54C-4C738A9C34B7} = {CBE92ED4-9149-4A18-9C3D-A6EA1506825D}
		{BE6B384A-654B-43C7-83BD-FBB4AFD9216C} = {CBE92ED4-9149-4A18-9C3D-A6EA1506825D}
		{364C49B3-B11E-4226-B376-1E78033B734A} = {CBE92ED4-9149-4A18-9C3D-A6EA1506825D}
		{326A4692-0899-4167-A6DA-37E6173260CE} = {C9E927C5-8199-4DB7-81FE-3FB80E532907}
		{06F8FB68-0CAC-4F26-9C1D-EF6D326DEFE0} = {C9E927C5-8199-4DB7-81FE-3FB80E532907}
		{BB6ACCCA-ED3D-4ACE-8907-116A064732D9} = {C9E927C5-8199-4DB7-81FE-3FB80E532907}
		{A3CD6E11-B9A7-4AB4-BD50-F8A2C67CE675} = {C9E927C5-8199-4DB7-81FE-3FB80E532907}
		{465A16C6-BA37-4956-851D-BDFFDC197122} = {C9E927C5-8199-4DB7-81FE-3FB80E532907}
		{C11198F0-F2E7-4045-90B5-AF468A25FF37} = {BE6B384A-654B-43C7-83BD-FBB4AFD9216C}
		{E92AE7B5-7159-4C25-A532-4D8EEEE434CF} = {BE6B384A-654B-43C7-83BD-FBB4AFD9216C}
		{D8DB5101-4909-437B-8CAE-DF745A5DD214} = {BE6B384A-654B-43C7-83BD-FBB4AFD9216C}
		{708E1EA1-548A-4DB9-B065-52A2B3B57A49} = {BE6B384A-654B-43C7-83BD-FBB4AFD9216C}
	EndGlobalSection
	GlobalSection(ExtensibilityGlobals) = postSolution
		SolutionGuid = {0151954F-AB8B-4CDB-9D0A-01372005C577}
	EndGlobalSection
EndGlobal
